// !$*UTF8*$!
{
	archiveVersion = 1;
	classes = {
	};
	objectVersion = 77;
	objects = {

/* Begin PBXBuildFile section */
		10757E7F931CDCA4A35580C2 /* HitRateWatch.app in Embed Watch Content */ = {isa = PBXBuildFile; fileRef = 49A344CA1D109DBBE1B63C8B /* HitRateWatch.app */; settings = {ATTRIBUTES = (RemoveHeadersOnCopy, ); }; };
		14C31D70B78C11075ADB2741 /* Theme.swift in Sources */ = {isa = PBXBuildFile; fileRef = 8CACDF028181ABDC147D68BB /* Theme.swift */; };
		17D7A22D63EAD48ADFC5EF13 /* WatchWorkoutManager.swift in Sources */ = {isa = PBXBuildFile; fileRef = 947B74ECEEF2FEB425CA60F3 /* WatchWorkoutManager.swift */; };
		273033334A3EA1CC7D5AF753 /* LogView.swift in Sources */ = {isa = PBXBuildFile; fileRef = 05982546BF2BB526C6B9356D /* LogView.swift */; };
		28FD9D81F65E7FA21A56D4E9 /* ShareCardsSheet.swift in Sources */ = {isa = PBXBuildFile; fileRef = 47A7CA763A1CACA8F38CEEFE /* ShareCardsSheet.swift */; };
		309A796199AA1C6AFDAA7C9C /* WatchPayloads.swift in Sources */ = {isa = PBXBuildFile; fileRef = E9E44179D5053D6F83EB6FA0 /* WatchPayloads.swift */; };
		32A29C9D8A74303C7986B2DF /* HomeView.swift in Sources */ = {isa = PBXBuildFile; fileRef = BCD1AA942B68F4E661CF6471 /* HomeView.swift */; };
		380E5C95F1D845A0CB19B736 /* SkillInsightsCard.swift in Sources */ = {isa = PBXBuildFile; fileRef = 245A16BF4F138991F6F68E88 /* SkillInsightsCard.swift */; };
		3B4D46C1BBB313C31352BCA2 /* CheerRulesKit in Frameworks */ = {isa = PBXBuildFile; productRef = 4E222ABED63D36E8E7A13432 /* CheerRulesKit */; };
		491D8F08BC6290470666B3A8 /* TrendCard.swift in Sources */ = {isa = PBXBuildFile; fileRef = 79288C2661DD00CF6B1AF541 /* TrendCard.swift */; };
		4BEB8CB891D7DCA1DAB355B9 /* TrophyRoomView.swift in Sources */ = {isa = PBXBuildFile; fileRef = 6B06141B674607C1343BF33B /* TrophyRoomView.swift */; };
		52B11EFC2C5847B02332BB98 /* GroupsCard.swift in Sources */ = {isa = PBXBuildFile; fileRef = FEFB9CD1AB4195B7BE9D7437 /* GroupsCard.swift */; };
		6191D2160C8531F5F7BF7DA7 /* SummaryCard.swift in Sources */ = {isa = PBXBuildFile; fileRef = BC4A053415866660A35A4745 /* SummaryCard.swift */; };
		717400631A5F615CBACE7CEB /* PracticeWatchLauncher.swift in Sources */ = {isa = PBXBuildFile; fileRef = AC51F15A6202537B73B6FB84 /* PracticeWatchLauncher.swift */; };
		79BF82BB2D994340B99FB722 /* PuckView.swift in Sources */ = {isa = PBXBuildFile; fileRef = 4C3EF67FEE9CF381AA3AE19B /* PuckView.swift */; };
		7B29E71BEF6EEBB70B5B5A4C /* Assets.xcassets in Resources */ = {isa = PBXBuildFile; fileRef = B8E106687D6F5AA09DD3A66E /* Assets.xcassets */; };
		7EFC99951270AF184F534565 /* BarlowCondensed-ExtraBold.ttf in Resources */ = {isa = PBXBuildFile; fileRef = AF31A21789AA05FC3C05841E /* BarlowCondensed-ExtraBold.ttf */; };
		7F1698913059B1F0EFD9696B /* WatchLogStore.swift in Sources */ = {isa = PBXBuildFile; fileRef = F7E79B7537D2F0142D78A8B7 /* WatchLogStore.swift */; };
		7FA02A21787C00777C5DDCF6 /* HitRateWatchApp.swift in Sources */ = {isa = PBXBuildFile; fileRef = 3443E05F3F665254D47A7E74 /* HitRateWatchApp.swift */; };
		80D87718AF33311E5767F3E5 /* SpaceGrotesk-Regular.ttf in Resources */ = {isa = PBXBuildFile; fileRef = 5FE81BC10D92D4819397B32D /* SpaceGrotesk-Regular.ttf */; };
		8472DF181A48BC7407E5698A /* Milestones.swift in Sources */ = {isa = PBXBuildFile; fileRef = D8957D930EDEABBAF6E32BF0 /* Milestones.swift */; };
		86108021BF9DCD7EF4F3F252 /* CSVExport.swift in Sources */ = {isa = PBXBuildFile; fileRef = EDD99E08D7FCE2602733C7EF /* CSVExport.swift */; };
		87356318218FD967A8EA2535 /* WatchLoggingSheet.swift in Sources */ = {isa = PBXBuildFile; fileRef = 2D9AC4DB29F9D8A2A9A93729 /* WatchLoggingSheet.swift */; };
		8783941B7CA5BA8018A1A80A /* BarlowCondensed-SemiBold.ttf in Resources */ = {isa = PBXBuildFile; fileRef = 586650A35C72581E8A6203A1 /* BarlowCondensed-SemiBold.ttf */; };
		908E1F5AB0E4AA7286FAEB82 /* WatchSessionBridge.swift in Sources */ = {isa = PBXBuildFile; fileRef = 0D38CC95579D03E442BBE042 /* WatchSessionBridge.swift */; };
		92A4FFBDBFC2AC3DB323195A /* WeeklyTournamentCard.swift in Sources */ = {isa = PBXBuildFile; fileRef = B235302AA1E4AC8671D2C890 /* WeeklyTournamentCard.swift */; };
		93717E4A1256D30689B6263D /* InteractiveCardView.swift in Sources */ = {isa = PBXBuildFile; fileRef = 3DE66EEEDA9CBDD4722F5FD0 /* InteractiveCardView.swift */; };
		A229FB48DF487E38D13FD8FC /* WeeklyTournament.swift in Sources */ = {isa = PBXBuildFile; fileRef = 1BC3387F44C40BCAAE8C9AEB /* WeeklyTournament.swift */; };
		A51AD4449C3D528BA7FD9EBF /* Sounds.swift in Sources */ = {isa = PBXBuildFile; fileRef = 138B89E3489E75197EA700F8 /* Sounds.swift */; };
		B64293AA2738006C83B9FB47 /* OnboardingView.swift in Sources */ = {isa = PBXBuildFile; fileRef = CC415EA0BFCE65C314EF7C16 /* OnboardingView.swift */; };
		BA5DE252AC6CBCD0335F8489 /* SpaceGrotesk-Bold.ttf in Resources */ = {isa = PBXBuildFile; fileRef = 3585336DE27B6B9C9A0D63D1 /* SpaceGrotesk-Bold.ttf */; };
		BCE51CFCDF80D0B06799A811 /* Components.swift in Sources */ = {isa = PBXBuildFile; fileRef = FFD34ACD23F8DA7A6168614F /* Components.swift */; };
		BE401B0188A6A9D911D39B30 /* SessionTapeCard.swift in Sources */ = {isa = PBXBuildFile; fileRef = 3EBA24253C18C3A061639CD5 /* SessionTapeCard.swift */; };
		C13DB89FD3B814ED5D4CDB99 /* DataManagementView.swift in Sources */ = {isa = PBXBuildFile; fileRef = 724ED0A599E2826857191AD3 /* DataManagementView.swift */; };
		C6CE9FFACF20F129D966110D /* Assets.xcassets in Resources */ = {isa = PBXBuildFile; fileRef = 682FC96676B2F3C23E0A2C50 /* Assets.xcassets */; };
		CA745130292CAC719774B178 /* HitRateApp.swift in Sources */ = {isa = PBXBuildFile; fileRef = 354E38DADE87EAEA70210445 /* HitRateApp.swift */; };
		D9E1104B0EB188559FA6F688 /* Models.swift in Sources */ = {isa = PBXBuildFile; fileRef = 9E30AC6D5D161DB570B82771 /* Models.swift */; };
		DAA7D95E1EEC7D56696487D8 /* BarlowCondensed-Bold.ttf in Resources */ = {isa = PBXBuildFile; fileRef = ADE8856144E336B0B6126686 /* BarlowCondensed-Bold.ttf */; };
		DBFACF79DEB82E9341905CE5 /* WatchLogView.swift in Sources */ = {isa = PBXBuildFile; fileRef = B5E6D11E0FC569761032886D /* WatchLogView.swift */; };
		E033839C9325BA8B73DF9AA4 /* CardCatalogRenderer.swift in Sources */ = {isa = PBXBuildFile; fileRef = 077D727936408ADB4E21F2EA /* CardCatalogRenderer.swift */; };
		E0EC05C354B32AA1F7382C3F /* StatsEngine.swift in Sources */ = {isa = PBXBuildFile; fileRef = FD43B95EF95B81D63EBFC8D6 /* StatsEngine.swift */; };
		E314EC326B7808756D84F439 /* WatchPayloads.swift in Sources */ = {isa = PBXBuildFile; fileRef = E9E44179D5053D6F83EB6FA0 /* WatchPayloads.swift */; };
		E8FC270E6F7AA1C5D8DA728A /* HoloCardView.swift in Sources */ = {isa = PBXBuildFile; fileRef = 20184832604D05CBF0C04210 /* HoloCardView.swift */; };
		EDB936B689DBBD05F07951D4 /* SpaceGrotesk-Medium.ttf in Resources */ = {isa = PBXBuildFile; fileRef = 4F3598697BD81EA78D42F507 /* SpaceGrotesk-Medium.ttf */; };
		FB0BA43EC534DC61218E314D /* DemoData.swift in Sources */ = {isa = PBXBuildFile; fileRef = 296943D1F64367EB72E3C679 /* DemoData.swift */; };
		FC5A1CD3C57F2141F626CE78 /* GroupsEditorView.swift in Sources */ = {isa = PBXBuildFile; fileRef = 5A045A4C0AD128053642B9C0 /* GroupsEditorView.swift */; };
		FEA8C71D16C4F9A5C7486429 /* TakeawaysCard.swift in Sources */ = {isa = PBXBuildFile; fileRef = D6CDC6EBB47016F441B33020 /* TakeawaysCard.swift */; };
/* End PBXBuildFile section */

/* Begin PBXContainerItemProxy section */
		408A56F4773C5C975FFE9E38 /* PBXContainerItemProxy */ = {
			isa = PBXContainerItemProxy;
			containerPortal = BC2F2365CD63E505D88A5A30 /* Project object */;
			proxyType = 1;
			remoteGlobalIDString = 0F8C1A10770E28C7B23F8162;
			remoteInfo = HitRateWatch;
		};
/* End PBXContainerItemProxy section */

/* Begin PBXCopyFilesBuildPhase section */
		271217C077C36B39B07DC151 /* Embed Watch Content */ = {
			isa = PBXCopyFilesBuildPhase;
			buildActionMask = 2147483647;
			dstPath = "$(CONTENTS_FOLDER_PATH)/Watch";
			dstSubfolderSpec = 16;
			files = (
				10757E7F931CDCA4A35580C2 /* HitRateWatch.app in Embed Watch Content */,
			);
			name = "Embed Watch Content";
			runOnlyForDeploymentPostprocessing = 0;
		};
/* End PBXCopyFilesBuildPhase section */

/* Begin PBXFileReference section */
		05982546BF2BB526C6B9356D /* LogView.swift */ = {isa = PBXFileReference; lastKnownFileType = sourcecode.swift; path = LogView.swift; sourceTree = "<group>"; };
		077D727936408ADB4E21F2EA /* CardCatalogRenderer.swift */ = {isa = PBXFileReference; lastKnownFileType = sourcecode.swift; path = CardCatalogRenderer.swift; sourceTree = "<group>"; };
		0D38CC95579D03E442BBE042 /* WatchSessionBridge.swift */ = {isa = PBXFileReference; lastKnownFileType = sourcecode.swift; path = WatchSessionBridge.swift; sourceTree = "<group>"; };
		138B89E3489E75197EA700F8 /* Sounds.swift */ = {isa = PBXFileReference; lastKnownFileType = sourcecode.swift; path = Sounds.swift; sourceTree = "<group>"; };
		1BC3387F44C40BCAAE8C9AEB /* WeeklyTournament.swift */ = {isa = PBXFileReference; lastKnownFileType = sourcecode.swift; path = WeeklyTournament.swift; sourceTree = "<group>"; };
		20184832604D05CBF0C04210 /* HoloCardView.swift */ = {isa = PBXFileReference; lastKnownFileType = sourcecode.swift; path = HoloCardView.swift; sourceTree = "<group>"; };
		245A16BF4F138991F6F68E88 /* SkillInsightsCard.swift */ = {isa = PBXFileReference; lastKnownFileType = sourcecode.swift; path = SkillInsightsCard.swift; sourceTree = "<group>"; };
		296943D1F64367EB72E3C679 /* DemoData.swift */ = {isa = PBXFileReference; lastKnownFileType = sourcecode.swift; path = DemoData.swift; sourceTree = "<group>"; };
		2D9AC4DB29F9D8A2A9A93729 /* WatchLoggingSheet.swift */ = {isa = PBXFileReference; lastKnownFileType = sourcecode.swift; path = WatchLoggingSheet.swift; sourceTree = "<group>"; };
		3443E05F3F665254D47A7E74 /* HitRateWatchApp.swift */ = {isa = PBXFileReference; lastKnownFileType = sourcecode.swift; path = HitRateWatchApp.swift; sourceTree = "<group>"; };
		354E38DADE87EAEA70210445 /* HitRateApp.swift */ = {isa = PBXFileReference; lastKnownFileType = sourcecode.swift; path = HitRateApp.swift; sourceTree = "<group>"; };
		3585336DE27B6B9C9A0D63D1 /* SpaceGrotesk-Bold.ttf */ = {isa = PBXFileReference; lastKnownFileType = file; path = "SpaceGrotesk-Bold.ttf"; sourceTree = "<group>"; };
		35BF9F1654CE44D595A576C6 /* CheerRulesKit */ = {isa = PBXFileReference; lastKnownFileType = folder; name = CheerRulesKit; path = ../CheerRulesKit; sourceTree = SOURCE_ROOT; };
		3A436FC34AF005E2FBE847B8 /* HitRate.entitlements */ = {isa = PBXFileReference; lastKnownFileType = text.plist.entitlements; path = HitRate.entitlements; sourceTree = "<group>"; };
		3DE66EEEDA9CBDD4722F5FD0 /* InteractiveCardView.swift */ = {isa = PBXFileReference; lastKnownFileType = sourcecode.swift; path = InteractiveCardView.swift; sourceTree = "<group>"; };
		3EBA24253C18C3A061639CD5 /* SessionTapeCard.swift */ = {isa = PBXFileReference; lastKnownFileType = sourcecode.swift; path = SessionTapeCard.swift; sourceTree = "<group>"; };
		47A7CA763A1CACA8F38CEEFE /* ShareCardsSheet.swift */ = {isa = PBXFileReference; lastKnownFileType = sourcecode.swift; path = ShareCardsSheet.swift; sourceTree = "<group>"; };
		49A344CA1D109DBBE1B63C8B /* HitRateWatch.app */ = {isa = PBXFileReference; explicitFileType = wrapper.application; includeInIndex = 0; path = HitRateWatch.app; sourceTree = BUILT_PRODUCTS_DIR; };
		4C3EF67FEE9CF381AA3AE19B /* PuckView.swift */ = {isa = PBXFileReference; lastKnownFileType = sourcecode.swift; path = PuckView.swift; sourceTree = "<group>"; };
		4F3598697BD81EA78D42F507 /* SpaceGrotesk-Medium.ttf */ = {isa = PBXFileReference; lastKnownFileType = file; path = "SpaceGrotesk-Medium.ttf"; sourceTree = "<group>"; };
		52C560E527E5730D7DB1B4D4 /* Info.plist */ = {isa = PBXFileReference; lastKnownFileType = text.plist; path = Info.plist; sourceTree = "<group>"; };
		586650A35C72581E8A6203A1 /* BarlowCondensed-SemiBold.ttf */ = {isa = PBXFileReference; lastKnownFileType = file; path = "BarlowCondensed-SemiBold.ttf"; sourceTree = "<group>"; };
		5A045A4C0AD128053642B9C0 /* GroupsEditorView.swift */ = {isa = PBXFileReference; lastKnownFileType = sourcecode.swift; path = GroupsEditorView.swift; sourceTree = "<group>"; };
		5FE81BC10D92D4819397B32D /* SpaceGrotesk-Regular.ttf */ = {isa = PBXFileReference; lastKnownFileType = file; path = "SpaceGrotesk-Regular.ttf"; sourceTree = "<group>"; };
		682FC96676B2F3C23E0A2C50 /* Assets.xcassets */ = {isa = PBXFileReference; lastKnownFileType = folder.assetcatalog; path = Assets.xcassets; sourceTree = "<group>"; };
		6B06141B674607C1343BF33B /* TrophyRoomView.swift */ = {isa = PBXFileReference; lastKnownFileType = sourcecode.swift; path = TrophyRoomView.swift; sourceTree = "<group>"; };
		6D653ADB1DFF52C863B43EE3 /* HitRateWatch.entitlements */ = {isa = PBXFileReference; lastKnownFileType = text.plist.entitlements; path = HitRateWatch.entitlements; sourceTree = "<group>"; };
		724ED0A599E2826857191AD3 /* DataManagementView.swift */ = {isa = PBXFileReference; lastKnownFileType = sourcecode.swift; path = DataManagementView.swift; sourceTree = "<group>"; };
		79288C2661DD00CF6B1AF541 /* TrendCard.swift */ = {isa = PBXFileReference; lastKnownFileType = sourcecode.swift; path = TrendCard.swift; sourceTree = "<group>"; };
		8CACDF028181ABDC147D68BB /* Theme.swift */ = {isa = PBXFileReference; lastKnownFileType = sourcecode.swift; path = Theme.swift; sourceTree = "<group>"; };
		947B74ECEEF2FEB425CA60F3 /* WatchWorkoutManager.swift */ = {isa = PBXFileReference; lastKnownFileType = sourcecode.swift; path = WatchWorkoutManager.swift; sourceTree = "<group>"; };
		9E30AC6D5D161DB570B82771 /* Models.swift */ = {isa = PBXFileReference; lastKnownFileType = sourcecode.swift; path = Models.swift; sourceTree = "<group>"; };
		AC51F15A6202537B73B6FB84 /* PracticeWatchLauncher.swift */ = {isa = PBXFileReference; lastKnownFileType = sourcecode.swift; path = PracticeWatchLauncher.swift; sourceTree = "<group>"; };
		ADE8856144E336B0B6126686 /* BarlowCondensed-Bold.ttf */ = {isa = PBXFileReference; lastKnownFileType = file; path = "BarlowCondensed-Bold.ttf"; sourceTree = "<group>"; };
		AF31A21789AA05FC3C05841E /* BarlowCondensed-ExtraBold.ttf */ = {isa = PBXFileReference; lastKnownFileType = file; path = "BarlowCondensed-ExtraBold.ttf"; sourceTree = "<group>"; };
		B235302AA1E4AC8671D2C890 /* WeeklyTournamentCard.swift */ = {isa = PBXFileReference; lastKnownFileType = sourcecode.swift; path = WeeklyTournamentCard.swift; sourceTree = "<group>"; };
		B5E6D11E0FC569761032886D /* WatchLogView.swift */ = {isa = PBXFileReference; lastKnownFileType = sourcecode.swift; path = WatchLogView.swift; sourceTree = "<group>"; };
		B8E106687D6F5AA09DD3A66E /* Assets.xcassets */ = {isa = PBXFileReference; lastKnownFileType = folder.assetcatalog; path = Assets.xcassets; sourceTree = "<group>"; };
		BC4A053415866660A35A4745 /* SummaryCard.swift */ = {isa = PBXFileReference; lastKnownFileType = sourcecode.swift; path = SummaryCard.swift; sourceTree = "<group>"; };
		BCD1AA942B68F4E661CF6471 /* HomeView.swift */ = {isa = PBXFileReference; lastKnownFileType = sourcecode.swift; path = HomeView.swift; sourceTree = "<group>"; };
		CA8E6F0EF3500932ED680415 /* Info.plist */ = {isa = PBXFileReference; lastKnownFileType = text.plist; path = Info.plist; sourceTree = "<group>"; };
		CC415EA0BFCE65C314EF7C16 /* OnboardingView.swift */ = {isa = PBXFileReference; lastKnownFileType = sourcecode.swift; path = OnboardingView.swift; sourceTree = "<group>"; };
		D6CDC6EBB47016F441B33020 /* TakeawaysCard.swift */ = {isa = PBXFileReference; lastKnownFileType = sourcecode.swift; path = TakeawaysCard.swift; sourceTree = "<group>"; };
		D8957D930EDEABBAF6E32BF0 /* Milestones.swift */ = {isa = PBXFileReference; lastKnownFileType = sourcecode.swift; path = Milestones.swift; sourceTree = "<group>"; };
		E2CFB6DBABEB6CAB6C095E0E /* HitRate.app */ = {isa = PBXFileReference; includeInIndex = 0; lastKnownFileType = wrapper.application; path = HitRate.app; sourceTree = BUILT_PRODUCTS_DIR; };
		E9E44179D5053D6F83EB6FA0 /* WatchPayloads.swift */ = {isa = PBXFileReference; lastKnownFileType = sourcecode.swift; path = WatchPayloads.swift; sourceTree = "<group>"; };
		EDD99E08D7FCE2602733C7EF /* CSVExport.swift */ = {isa = PBXFileReference; lastKnownFileType = sourcecode.swift; path = CSVExport.swift; sourceTree = "<group>"; };
		F7E79B7537D2F0142D78A8B7 /* WatchLogStore.swift */ = {isa = PBXFileReference; lastKnownFileType = sourcecode.swift; path = WatchLogStore.swift; sourceTree = "<group>"; };
		FD43B95EF95B81D63EBFC8D6 /* StatsEngine.swift */ = {isa = PBXFileReference; lastKnownFileType = sourcecode.swift; path = StatsEngine.swift; sourceTree = "<group>"; };
		FEFB9CD1AB4195B7BE9D7437 /* GroupsCard.swift */ = {isa = PBXFileReference; lastKnownFileType = sourcecode.swift; path = GroupsCard.swift; sourceTree = "<group>"; };
		FFD34ACD23F8DA7A6168614F /* Components.swift */ = {isa = PBXFileReference; lastKnownFileType = sourcecode.swift; path = Components.swift; sourceTree = "<group>"; };
/* End PBXFileReference section */

/* Begin PBXFrameworksBuildPhase section */
		6F18E6ED78160307E4462536 /* Frameworks */ = {
			isa = PBXFrameworksBuildPhase;
			buildActionMask = 2147483647;
			files = (
				3B4D46C1BBB313C31352BCA2 /* CheerRulesKit in Frameworks */,
			);
			runOnlyForDeploymentPostprocessing = 0;
		};
/* End PBXFrameworksBuildPhase section */

/* Begin PBXGroup section */
		0DADB79C19E5F443BE08334D /* Share */ = {
			isa = PBXGroup;
			children = (
				20184832604D05CBF0C04210 /* HoloCardView.swift */,
				3DE66EEEDA9CBDD4722F5FD0 /* InteractiveCardView.swift */,
				4C3EF67FEE9CF381AA3AE19B /* PuckView.swift */,
				47A7CA763A1CACA8F38CEEFE /* ShareCardsSheet.swift */,
			);
			path = Share;
			sourceTree = "<group>";
		};
		206EFAC21916481E2022D35D /* Views */ = {
			isa = PBXGroup;
			children = (
				E896CA2164EF2ED583B1623A /* Components */,
				2536EE1F284E212EB3F82F36 /* Home */,
				3AC68232E63884599DDC59F7 /* Log */,
				52BC2444AF9AB2D57B440DCC /* Onboarding */,
				0DADB79C19E5F443BE08334D /* Share */,
			);
			path = Views;
			sourceTree = "<group>";
		};
		2536EE1F284E212EB3F82F36 /* Home */ = {
			isa = PBXGroup;
			children = (
				FEFB9CD1AB4195B7BE9D7437 /* GroupsCard.swift */,
				BCD1AA942B68F4E661CF6471 /* HomeView.swift */,
				3EBA24253C18C3A061639CD5 /* SessionTapeCard.swift */,
				245A16BF4F138991F6F68E88 /* SkillInsightsCard.swift */,
				BC4A053415866660A35A4745 /* SummaryCard.swift */,
				D6CDC6EBB47016F441B33020 /* TakeawaysCard.swift */,
				79288C2661DD00CF6B1AF541 /* TrendCard.swift */,
				6B06141B674607C1343BF33B /* TrophyRoomView.swift */,
				2D9AC4DB29F9D8A2A9A93729 /* WatchLoggingSheet.swift */,
				B235302AA1E4AC8671D2C890 /* WeeklyTournamentCard.swift */,
			);
			path = Home;
			sourceTree = "<group>";
		};
		3AC68232E63884599DDC59F7 /* Log */ = {
			isa = PBXGroup;
			children = (
				724ED0A599E2826857191AD3 /* DataManagementView.swift */,
				5A045A4C0AD128053642B9C0 /* GroupsEditorView.swift */,
				05982546BF2BB526C6B9356D /* LogView.swift */,
			);
			path = Log;
			sourceTree = "<group>";
		};
		3EF647EFDCE1CAC10DBB845E = {
			isa = PBXGroup;
			children = (
				9CBF43E65D81D52A8C010E7C /* HitRate */,
				D61303D10F0D3692EF85FFBE /* HitRateWatch */,
				4A7A28A205380C1E2B04A9DC /* Packages */,
				F668D95A08DD886D33B73867 /* Products */,
			);
			sourceTree = "<group>";
		};
		4A7A28A205380C1E2B04A9DC /* Packages */ = {
			isa = PBXGroup;
			children = (
				35BF9F1654CE44D595A576C6 /* CheerRulesKit */,
			);
			name = Packages;
			sourceTree = "<group>";
		};
		52BC2444AF9AB2D57B440DCC /* Onboarding */ = {
			isa = PBXGroup;
			children = (
				CC415EA0BFCE65C314EF7C16 /* OnboardingView.swift */,
			);
			path = Onboarding;
			sourceTree = "<group>";
		};
		5E8EC41B6CFC1F5105B6C73E /* Resources */ = {
			isa = PBXGroup;
			children = (
				AB7FFD93EB0CE8046CC13D1A /* Fonts */,
			);
			path = Resources;
			sourceTree = "<group>";
		};
		7E0A280BAB4AC01C806E74AD /* Models */ = {
			isa = PBXGroup;
			children = (
				9E30AC6D5D161DB570B82771 /* Models.swift */,
			);
			path = Models;
			sourceTree = "<group>";
		};
		9CBF43E65D81D52A8C010E7C /* HitRate */ = {
			isa = PBXGroup;
			children = (
				B8E106687D6F5AA09DD3A66E /* Assets.xcassets */,
				3A436FC34AF005E2FBE847B8 /* HitRate.entitlements */,
				354E38DADE87EAEA70210445 /* HitRateApp.swift */,
				52C560E527E5730D7DB1B4D4 /* Info.plist */,
				7E0A280BAB4AC01C806E74AD /* Models */,
				5E8EC41B6CFC1F5105B6C73E /* Resources */,
				9FC837BD20A319DFA22D982D /* Stats */,
				D1870CC2DD804EF04D126191 /* Theme */,
				DFC17AE42C08FC73979F1F9D /* Utilities */,
				206EFAC21916481E2022D35D /* Views */,
				D5B083AB163031D018ECF5AA /* WatchSync */,
			);
			path = HitRate;
			sourceTree = "<group>";
		};
		9FC837BD20A319DFA22D982D /* Stats */ = {
			isa = PBXGroup;
			children = (
				D8957D930EDEABBAF6E32BF0 /* Milestones.swift */,
				FD43B95EF95B81D63EBFC8D6 /* StatsEngine.swift */,
				1BC3387F44C40BCAAE8C9AEB /* WeeklyTournament.swift */,
			);
			path = Stats;
			sourceTree = "<group>";
		};
		AB7FFD93EB0CE8046CC13D1A /* Fonts */ = {
			isa = PBXGroup;
			children = (
				ADE8856144E336B0B6126686 /* BarlowCondensed-Bold.ttf */,
				AF31A21789AA05FC3C05841E /* BarlowCondensed-ExtraBold.ttf */,
				586650A35C72581E8A6203A1 /* BarlowCondensed-SemiBold.ttf */,
				3585336DE27B6B9C9A0D63D1 /* SpaceGrotesk-Bold.ttf */,
				4F3598697BD81EA78D42F507 /* SpaceGrotesk-Medium.ttf */,
				5FE81BC10D92D4819397B32D /* SpaceGrotesk-Regular.ttf */,
			);
			path = Fonts;
			sourceTree = "<group>";
		};
		D1870CC2DD804EF04D126191 /* Theme */ = {
			isa = PBXGroup;
			children = (
				8CACDF028181ABDC147D68BB /* Theme.swift */,
			);
			path = Theme;
			sourceTree = "<group>";
		};
		D5B083AB163031D018ECF5AA /* WatchSync */ = {
			isa = PBXGroup;
			children = (
				AC51F15A6202537B73B6FB84 /* PracticeWatchLauncher.swift */,
				E9E44179D5053D6F83EB6FA0 /* WatchPayloads.swift */,
				0D38CC95579D03E442BBE042 /* WatchSessionBridge.swift */,
			);
			path = WatchSync;
			sourceTree = "<group>";
		};
		D61303D10F0D3692EF85FFBE /* HitRateWatch */ = {
			isa = PBXGroup;
			children = (
				682FC96676B2F3C23E0A2C50 /* Assets.xcassets */,
				6D653ADB1DFF52C863B43EE3 /* HitRateWatch.entitlements */,
				3443E05F3F665254D47A7E74 /* HitRateWatchApp.swift */,
				CA8E6F0EF3500932ED680415 /* Info.plist */,
				F7E79B7537D2F0142D78A8B7 /* WatchLogStore.swift */,
				B5E6D11E0FC569761032886D /* WatchLogView.swift */,
				947B74ECEEF2FEB425CA60F3 /* WatchWorkoutManager.swift */,
			);
			path = HitRateWatch;
			sourceTree = "<group>";
		};
		DFC17AE42C08FC73979F1F9D /* Utilities */ = {
			isa = PBXGroup;
			children = (
				077D727936408ADB4E21F2EA /* CardCatalogRenderer.swift */,
				EDD99E08D7FCE2602733C7EF /* CSVExport.swift */,
				296943D1F64367EB72E3C679 /* DemoData.swift */,
				138B89E3489E75197EA700F8 /* Sounds.swift */,
			);
			path = Utilities;
			sourceTree = "<group>";
		};
		E896CA2164EF2ED583B1623A /* Components */ = {
			isa = PBXGroup;
			children = (
				FFD34ACD23F8DA7A6168614F /* Components.swift */,
			);
			path = Components;
			sourceTree = "<group>";
		};
		F668D95A08DD886D33B73867 /* Products */ = {
			isa = PBXGroup;
			children = (
				E2CFB6DBABEB6CAB6C095E0E /* HitRate.app */,
				49A344CA1D109DBBE1B63C8B /* HitRateWatch.app */,
			);
			name = Products;
			sourceTree = "<group>";
		};
/* End PBXGroup section */

/* Begin PBXNativeTarget section */
		0F8C1A10770E28C7B23F8162 /* HitRateWatch */ = {
			isa = PBXNativeTarget;
			buildConfigurationList = C0861D340FD6FF14830B65D7 /* Build configuration list for PBXNativeTarget "HitRateWatch" */;
			buildPhases = (
				6F541C21A03BF478B7D7B28A /* Sources */,
				F89919470D62C673639D1BEF /* Resources */,
			);
			buildRules = (
			);
			dependencies = (
			);
			name = HitRateWatch;
			packageProductDependencies = (
			);
			productName = HitRateWatch;
			productReference = 49A344CA1D109DBBE1B63C8B /* HitRateWatch.app */;
			productType = "com.apple.product-type.application";
		};
		CEC6694572E5FFFE2F6AB38B /* HitRate */ = {
			isa = PBXNativeTarget;
			buildConfigurationList = 77A548233DF5A74CE3CE5A3D /* Build configuration list for PBXNativeTarget "HitRate" */;
			buildPhases = (
				5ACCFDE164491C41AF0DEA12 /* Sources */,
				E49910887B82B9A43446F6C5 /* Resources */,
				6F18E6ED78160307E4462536 /* Frameworks */,
				271217C077C36B39B07DC151 /* Embed Watch Content */,
			);
			buildRules = (
			);
			dependencies = (
				8DAB4B4163E3C863972BCFD0 /* PBXTargetDependency */,
			);
			name = HitRate;
			packageProductDependencies = (
				4E222ABED63D36E8E7A13432 /* CheerRulesKit */,
			);
			productName = HitRate;
			productReference = E2CFB6DBABEB6CAB6C095E0E /* HitRate.app */;
			productType = "com.apple.product-type.application";
		};
/* End PBXNativeTarget section */

/* Begin PBXProject section */
		BC2F2365CD63E505D88A5A30 /* Project object */ = {
			isa = PBXProject;
			attributes = {
				BuildIndependentTargetsInParallel = YES;
				LastUpgradeCheck = 1430;
				TargetAttributes = {
					0F8C1A10770E28C7B23F8162 = {
						DevelopmentTeam = WC46K49VFA;
						ProvisioningStyle = Automatic;
					};
					CEC6694572E5FFFE2F6AB38B = {
						DevelopmentTeam = WC46K49VFA;
						ProvisioningStyle = Automatic;
					};
				};
			};
			buildConfigurationList = 3E1648D6C75FE462382A7324 /* Build configuration list for PBXProject "HitRate" */;
			developmentRegion = en;
			hasScannedForEncodings = 0;
			knownRegions = (
				Base,
				en,
			);
			mainGroup = 3EF647EFDCE1CAC10DBB845E;
			minimizedProjectReferenceProxies = 1;
			packageReferences = (
				90F9398CCF1E9057555866EF /* XCLocalSwiftPackageReference "../CheerRulesKit" */,
			);
			preferredProjectObjectVersion = 77;
			productRefGroup = F668D95A08DD886D33B73867 /* Products */;
			projectDirPath = "";
			projectRoot = "";
			targets = (
				CEC6694572E5FFFE2F6AB38B /* HitRate */,
				0F8C1A10770E28C7B23F8162 /* HitRateWatch */,
			);
		};
/* End PBXProject section */

/* Begin PBXResourcesBuildPhase section */
		E49910887B82B9A43446F6C5 /* Resources */ = {
			isa = PBXResourcesBuildPhase;
			buildActionMask = 2147483647;
			files = (
				7B29E71BEF6EEBB70B5B5A4C /* Assets.xcassets in Resources */,
				DAA7D95E1EEC7D56696487D8 /* BarlowCondensed-Bold.ttf in Resources */,
				7EFC99951270AF184F534565 /* BarlowCondensed-ExtraBold.ttf in Resources */,
				8783941B7CA5BA8018A1A80A /* BarlowCondensed-SemiBold.ttf in Resources */,
				BA5DE252AC6CBCD0335F8489 /* SpaceGrotesk-Bold.ttf in Resources */,
				EDB936B689DBBD05F07951D4 /* SpaceGrotesk-Medium.ttf in Resources */,
				80D87718AF33311E5767F3E5 /* SpaceGrotesk-Regular.ttf in Resources */,
			);
			runOnlyForDeploymentPostprocessing = 0;
		};
		F89919470D62C673639D1BEF /* Resources */ = {
			isa = PBXResourcesBuildPhase;
			buildActionMask = 2147483647;
			files = (
				C6CE9FFACF20F129D966110D /* Assets.xcassets in Resources */,
			);
			runOnlyForDeploymentPostprocessing = 0;
		};
/* End PBXResourcesBuildPhase section */

/* Begin PBXSourcesBuildPhase section */
		5ACCFDE164491C41AF0DEA12 /* Sources */ = {
			isa = PBXSourcesBuildPhase;
			buildActionMask = 2147483647;
			files = (
				86108021BF9DCD7EF4F3F252 /* CSVExport.swift in Sources */,
				E033839C9325BA8B73DF9AA4 /* CardCatalogRenderer.swift in Sources */,
				BCE51CFCDF80D0B06799A811 /* Components.swift in Sources */,
				C13DB89FD3B814ED5D4CDB99 /* DataManagementView.swift in Sources */,
				FB0BA43EC534DC61218E314D /* DemoData.swift in Sources */,
				52B11EFC2C5847B02332BB98 /* GroupsCard.swift in Sources */,
				FC5A1CD3C57F2141F626CE78 /* GroupsEditorView.swift in Sources */,
				CA745130292CAC719774B178 /* HitRateApp.swift in Sources */,
				E8FC270E6F7AA1C5D8DA728A /* HoloCardView.swift in Sources */,
				32A29C9D8A74303C7986B2DF /* HomeView.swift in Sources */,
				93717E4A1256D30689B6263D /* InteractiveCardView.swift in Sources */,
				273033334A3EA1CC7D5AF753 /* LogView.swift in Sources */,
				8472DF181A48BC7407E5698A /* Milestones.swift in Sources */,
				D9E1104B0EB188559FA6F688 /* Models.swift in Sources */,
				B64293AA2738006C83B9FB47 /* OnboardingView.swift in Sources */,
				717400631A5F615CBACE7CEB /* PracticeWatchLauncher.swift in Sources */,
				79BF82BB2D994340B99FB722 /* PuckView.swift in Sources */,
				BE401B0188A6A9D911D39B30 /* SessionTapeCard.swift in Sources */,
				28FD9D81F65E7FA21A56D4E9 /* ShareCardsSheet.swift in Sources */,
				380E5C95F1D845A0CB19B736 /* SkillInsightsCard.swift in Sources */,
				A51AD4449C3D528BA7FD9EBF /* Sounds.swift in Sources */,
				E0EC05C354B32AA1F7382C3F /* StatsEngine.swift in Sources */,
				6191D2160C8531F5F7BF7DA7 /* SummaryCard.swift in Sources */,
				FEA8C71D16C4F9A5C7486429 /* TakeawaysCard.swift in Sources */,
				14C31D70B78C11075ADB2741 /* Theme.swift in Sources */,
				491D8F08BC6290470666B3A8 /* TrendCard.swift in Sources */,
				4BEB8CB891D7DCA1DAB355B9 /* TrophyRoomView.swift in Sources */,
				87356318218FD967A8EA2535 /* WatchLoggingSheet.swift in Sources */,
				E314EC326B7808756D84F439 /* WatchPayloads.swift in Sources */,
				908E1F5AB0E4AA7286FAEB82 /* WatchSessionBridge.swift in Sources */,
				A229FB48DF487E38D13FD8FC /* WeeklyTournament.swift in Sources */,
				92A4FFBDBFC2AC3DB323195A /* WeeklyTournamentCard.swift in Sources */,
			);
			runOnlyForDeploymentPostprocessing = 0;
		};
		6F541C21A03BF478B7D7B28A /* Sources */ = {
			isa = PBXSourcesBuildPhase;
			buildActionMask = 2147483647;
			files = (
				7FA02A21787C00777C5DDCF6 /* HitRateWatchApp.swift in Sources */,
				7F1698913059B1F0EFD9696B /* WatchLogStore.swift in Sources */,
				DBFACF79DEB82E9341905CE5 /* WatchLogView.swift in Sources */,
				309A796199AA1C6AFDAA7C9C /* WatchPayloads.swift in Sources */,
				17D7A22D63EAD48ADFC5EF13 /* WatchWorkoutManager.swift in Sources */,
			);
			runOnlyForDeploymentPostprocessing = 0;
		};
/* End PBXSourcesBuildPhase section */

/* Begin PBXTargetDependency section */
		8DAB4B4163E3C863972BCFD0 /* PBXTargetDependency */ = {
			isa = PBXTargetDependency;
			target = 0F8C1A10770E28C7B23F8162 /* HitRateWatch */;
			targetProxy = 408A56F4773C5C975FFE9E38 /* PBXContainerItemProxy */;
		};
/* End PBXTargetDependency section */

/* Begin XCBuildConfiguration section */
		017F7BBFED655B16473A1FB7 /* Release */ = {
			isa = XCBuildConfiguration;
			buildSettings = {
				ASSETCATALOG_COMPILER_APPICON_NAME = AppIcon;
				CODE_SIGN_ENTITLEMENTS = HitRateWatch/HitRateWatch.entitlements;
				CODE_SIGN_STYLE = Automatic;
				CURRENT_PROJECT_VERSION = 12;
				DEVELOPMENT_TEAM = WC46K49VFA;
				INFOPLIST_FILE = HitRateWatch/Info.plist;
				MARKETING_VERSION = 1.1;
				PRODUCT_BUNDLE_IDENTIFIER = com.ianrichardson.HitRate.watchkitapp;
				PRODUCT_NAME = HitRate;
				SDKROOT = watchos;
				SKIP_INSTALL = YES;
				TARGETED_DEVICE_FAMILY = 4;
			};
			name = Release;
		};
		1F9BD7A168C21520EFE5B244 /* Debug */ = {
			isa = XCBuildConfiguration;
			buildSettings = {
				ASSETCATALOG_COMPILER_APPICON_NAME = AppIcon;
				CODE_SIGN_ENTITLEMENTS = HitRateWatch/HitRateWatch.entitlements;
				CODE_SIGN_STYLE = Automatic;
				CURRENT_PROJECT_VERSION = 12;
				DEVELOPMENT_TEAM = WC46K49VFA;
				INFOPLIST_FILE = HitRateWatch/Info.plist;
				MARKETING_VERSION = 1.1;
				PRODUCT_BUNDLE_IDENTIFIER = com.ianrichardson.HitRate.watchkitapp;
				PRODUCT_NAME = HitRate;
				SDKROOT = watchos;
				SKIP_INSTALL = YES;
				TARGETED_DEVICE_FAMILY = 4;
			};
			name = Debug;
		};
		37ABAA6B07D7B4FF816AC86A /* Debug */ = {
			isa = XCBuildConfiguration;
			buildSettings = {
				ALWAYS_SEARCH_USER_PATHS = NO;
				CLANG_ANALYZER_NONNULL = YES;
				CLANG_ANALYZER_NUMBER_OBJECT_CONVERSION = YES_AGGRESSIVE;
				CLANG_CXX_LANGUAGE_STANDARD = "gnu++14";
				CLANG_CXX_LIBRARY = "libc++";
				CLANG_ENABLE_MODULES = YES;
				CLANG_ENABLE_OBJC_ARC = YES;
				CLANG_ENABLE_OBJC_WEAK = YES;
				CLANG_WARN_BLOCK_CAPTURE_AUTORELEASING = YES;
				CLANG_WARN_BOOL_CONVERSION = YES;
				CLANG_WARN_COMMA = YES;
				CLANG_WARN_CONSTANT_CONVERSION = YES;
				CLANG_WARN_DEPRECATED_OBJC_IMPLEMENTATIONS = YES;
				CLANG_WARN_DIRECT_OBJC_ISA_USAGE = YES_ERROR;
				CLANG_WARN_DOCUMENTATION_COMMENTS = YES;
				CLANG_WARN_EMPTY_BODY = YES;
				CLANG_WARN_ENUM_CONVERSION = YES;
				CLANG_WARN_INFINITE_RECURSION = YES;
				CLANG_WARN_INT_CONVERSION = YES;
				CLANG_WARN_NON_LITERAL_NULL_CONVERSION = YES;
				CLANG_WARN_OBJC_IMPLICIT_RETAIN_SELF = YES;
				CLANG_WARN_OBJC_LITERAL_CONVERSION = YES;
				CLANG_WARN_OBJC_ROOT_CLASS = YES_ERROR;
				CLANG_WARN_QUOTED_INCLUDE_IN_FRAMEWORK_HEADER = YES;
				CLANG_WARN_RANGE_LOOP_ANALYSIS = YES;
				CLANG_WARN_STRICT_PROTOTYPES = YES;
				CLANG_WARN_SUSPICIOUS_MOVE = YES;
				CLANG_WARN_UNGUARDED_AVAILABILITY = YES_AGGRESSIVE;
				CLANG_WARN_UNREACHABLE_CODE = YES;
				CLANG_WARN__DUPLICATE_METHOD_MATCH = YES;
				COPY_PHASE_STRIP = NO;
				DEBUG_INFORMATION_FORMAT = dwarf;
				ENABLE_STRICT_OBJC_MSGSEND = YES;
				ENABLE_TESTABILITY = YES;
				GCC_C_LANGUAGE_STANDARD = gnu11;
				GCC_DYNAMIC_NO_PIC = NO;
				GCC_NO_COMMON_BLOCKS = YES;
				GCC_OPTIMIZATION_LEVEL = 0;
				GCC_PREPROCESSOR_DEFINITIONS = (
					"$(inherited)",
					"DEBUG=1",
				);
				GCC_WARN_64_TO_32_BIT_CONVERSION = YES;
				GCC_WARN_ABOUT_RETURN_TYPE = YES_ERROR;
				GCC_WARN_UNDECLARED_SELECTOR = YES;
				GCC_WARN_UNINITIALIZED_AUTOS = YES_AGGRESSIVE;
				GCC_WARN_UNUSED_FUNCTION = YES;
				GCC_WARN_UNUSED_VARIABLE = YES;
				IPHONEOS_DEPLOYMENT_TARGET = 17.0;
				MTL_ENABLE_DEBUG_INFO = INCLUDE_SOURCE;
				MTL_FAST_MATH = YES;
				ONLY_ACTIVE_ARCH = YES;
				PRODUCT_NAME = "$(TARGET_NAME)";
				SWIFT_ACTIVE_COMPILATION_CONDITIONS = DEBUG;
				SWIFT_OPTIMIZATION_LEVEL = "-Onone";
				SWIFT_VERSION = 5.0;
				WATCHOS_DEPLOYMENT_TARGET = 10.0;
			};
			name = Debug;
		};
		414918142922E031182011BD /* Release */ = {
			isa = XCBuildConfiguration;
			buildSettings = {
				ALWAYS_SEARCH_USER_PATHS = NO;
				CLANG_ANALYZER_NONNULL = YES;
				CLANG_ANALYZER_NUMBER_OBJECT_CONVERSION = YES_AGGRESSIVE;
				CLANG_CXX_LANGUAGE_STANDARD = "gnu++14";
				CLANG_CXX_LIBRARY = "libc++";
				CLANG_ENABLE_MODULES = YES;
				CLANG_ENABLE_OBJC_ARC = YES;
				CLANG_ENABLE_OBJC_WEAK = YES;
				CLANG_WARN_BLOCK_CAPTURE_AUTORELEASING = YES;
				CLANG_WARN_BOOL_CONVERSION = YES;
				CLANG_WARN_COMMA = YES;
				CLANG_WARN_CONSTANT_CONVERSION = YES;
				CLANG_WARN_DEPRECATED_OBJC_IMPLEMENTATIONS = YES;
				CLANG_WARN_DIRECT_OBJC_ISA_USAGE = YES_ERROR;
				CLANG_WARN_DOCUMENTATION_COMMENTS = YES;
				CLANG_WARN_EMPTY_BODY = YES;
				CLANG_WARN_ENUM_CONVERSION = YES;
				CLANG_WARN_INFINITE_RECURSION = YES;
				CLANG_WARN_INT_CONVERSION = YES;
				CLANG_WARN_NON_LITERAL_NULL_CONVERSION = YES;
				CLANG_WARN_OBJC_IMPLICIT_RETAIN_SELF = YES;
				CLANG_WARN_OBJC_LITERAL_CONVERSION = YES;
				CLANG_WARN_OBJC_ROOT_CLASS = YES_ERROR;
				CLANG_WARN_QUOTED_INCLUDE_IN_FRAMEWORK_HEADER = YES;
				CLANG_WARN_RANGE_LOOP_ANALYSIS = YES;
				CLANG_WARN_STRICT_PROTOTYPES = YES;
				CLANG_WARN_SUSPICIOUS_MOVE = YES;
				CLANG_WARN_UNGUARDED_AVAILABILITY = YES_AGGRESSIVE;
				CLANG_WARN_UNREACHABLE_CODE = YES;
				CLANG_WARN__DUPLICATE_METHOD_MATCH = YES;
				COPY_PHASE_STRIP = NO;
				DEBUG_INFORMATION_FORMAT = "dwarf-with-dsym";
				ENABLE_NS_ASSERTIONS = NO;
				ENABLE_STRICT_OBJC_MSGSEND = YES;
				GCC_C_LANGUAGE_STANDARD = gnu11;
				GCC_NO_COMMON_BLOCKS = YES;
				GCC_WARN_64_TO_32_BIT_CONVERSION = YES;
				GCC_WARN_ABOUT_RETURN_TYPE = YES_ERROR;
				GCC_WARN_UNDECLARED_SELECTOR = YES;
				GCC_WARN_UNINITIALIZED_AUTOS = YES_AGGRESSIVE;
				GCC_WARN_UNUSED_FUNCTION = YES;
				GCC_WARN_UNUSED_VARIABLE = YES;
				IPHONEOS_DEPLOYMENT_TARGET = 17.0;
				MTL_ENABLE_DEBUG_INFO = NO;
				MTL_FAST_MATH = YES;
				PRODUCT_NAME = "$(TARGET_NAME)";
				SWIFT_COMPILATION_MODE = wholemodule;
				SWIFT_OPTIMIZATION_LEVEL = "-O";
				SWIFT_VERSION = 5.0;
				WATCHOS_DEPLOYMENT_TARGET = 10.0;
			};
			name = Release;
		};
		7EDFA82A3C9CE328096669EF /* Debug */ = {
			isa = XCBuildConfiguration;
			buildSettings = {
				ASSETCATALOG_COMPILER_APPICON_NAME = AppIcon;
				ASSETCATALOG_COMPILER_GLOBAL_ACCENT_COLOR_NAME = AccentColor;
				CODE_SIGN_ENTITLEMENTS = HitRate/HitRate.entitlements;
				CODE_SIGN_IDENTITY = "iPhone Developer";
				CODE_SIGN_STYLE = Automatic;
				CURRENT_PROJECT_VERSION = 12;
				DEVELOPMENT_TEAM = WC46K49VFA;
				INFOPLIST_FILE = HitRate/Info.plist;
				LD_RUNPATH_SEARCH_PATHS = (
					"$(inherited)",
					"@executable_path/Frameworks",
				);
				MARKETING_VERSION = 1.1;
				PRODUCT_BUNDLE_IDENTIFIER = com.ianrichardson.HitRate;
				PRODUCT_NAME = HitRate;
				SDKROOT = iphoneos;
				SUPPORTS_MACCATALYST = YES;
				TARGETED_DEVICE_FAMILY = 1;
			};
			name = Debug;
		};
		E0F981D0EA6D69B7C27B3C26 /* Release */ = {
			isa = XCBuildConfiguration;
			buildSettings = {
				ASSETCATALOG_COMPILER_APPICON_NAME = AppIcon;
				ASSETCATALOG_COMPILER_GLOBAL_ACCENT_COLOR_NAME = AccentColor;
				CODE_SIGN_ENTITLEMENTS = HitRate/HitRate.entitlements;
				CODE_SIGN_IDENTITY = "iPhone Developer";
				CODE_SIGN_STYLE = Automatic;
				CURRENT_PROJECT_VERSION = 12;
				DEVELOPMENT_TEAM = WC46K49VFA;
				INFOPLIST_FILE = HitRate/Info.plist;
				LD_RUNPATH_SEARCH_PATHS = (
					"$(inherited)",
					"@executable_path/Frameworks",
				);
				MARKETING_VERSION = 1.1;
				PRODUCT_BUNDLE_IDENTIFIER = com.ianrichardson.HitRate;
				PRODUCT_NAME = HitRate;
				SDKROOT = iphoneos;
				SUPPORTS_MACCATALYST = YES;
				TARGETED_DEVICE_FAMILY = 1;
			};
			name = Release;
		};
/* End XCBuildConfiguration section */

/* Begin XCConfigurationList section */
		3E1648D6C75FE462382A7324 /* Build configuration list for PBXProject "HitRate" */ = {
			isa = XCConfigurationList;
			buildConfigurations = (
				37ABAA6B07D7B4FF816AC86A /* Debug */,
				414918142922E031182011BD /* Release */,
			);
			defaultConfigurationIsVisible = 0;
			defaultConfigurationName = Debug;
		};
		77A548233DF5A74CE3CE5A3D /* Build configuration list for PBXNativeTarget "HitRate" */ = {
			isa = XCConfigurationList;
			buildConfigurations = (
				7EDFA82A3C9CE328096669EF /* Debug */,
				E0F981D0EA6D69B7C27B3C26 /* Release */,
			);
			defaultConfigurationIsVisible = 0;
			defaultConfigurationName = Debug;
		};
		C0861D340FD6FF14830B65D7 /* Build configuration list for PBXNativeTarget "HitRateWatch" */ = {
			isa = XCConfigurationList;
			buildConfigurations = (
				1F9BD7A168C21520EFE5B244 /* Debug */,
				017F7BBFED655B16473A1FB7 /* Release */,
			);
			defaultConfigurationIsVisible = 0;
			defaultConfigurationName = Debug;
		};
/* End XCConfigurationList section */

/* Begin XCLocalSwiftPackageReference section */
		90F9398CCF1E9057555866EF /* XCLocalSwiftPackageReference "../CheerRulesKit" */ = {
			isa = XCLocalSwiftPackageReference;
			relativePath = ../CheerRulesKit;
		};
/* End XCLocalSwiftPackageReference section */

/* Begin XCSwiftPackageProductDependency section */
		4E222ABED63D36E8E7A13432 /* CheerRulesKit */ = {
			isa = XCSwiftPackageProductDependency;
			productName = CheerRulesKit;
		};
/* End XCSwiftPackageProductDependency section */
	};
	rootObject = BC2F2365CD63E505D88A5A30 /* Project object */;
}
